
Microsoft Visual Studio Solution File, Format Version 12.00
# Visual Studio Version 17
VisualStudioVersion = 17.3.32901.215
MinimumVisualStudioVersion = 10.0.40219.1
Project("{FAE04EC0-301F-11D3-BF4B-00C04F79EFBC}") = "Adapter", "Adapter\Adapter.csproj", "{12153481-9E13-482C-B285-D0EDED70FBFB}"
EndProject
Project("{FAE04EC0-301F-11D3-BF4B-00C04F79EFBC}") = "AdapterExample", "AdapterExample\AdapterExample.csproj", "{BB348FB8-8E88-4CAC-87A0-DB8EBEDB65CF}"
EndProject
Project("{FAE04EC0-301F-11D3-BF4B-00C04F79EFBC}") = "Bridge", "Bridge\Bridge.csproj", "{8854C894-C4EE-422B-8DA4-5EB53651EE6D}"
EndProject
Project("{FAE04EC0-301F-11D3-BF4B-00C04F79EFBC}") = "BridgeExample", "BridgeExample\BridgeExample.csproj", "{83E73583-4F3F-4ECF-B51D-21077133213A}"
EndProject
Project("{FAE04EC0-301F-11D3-BF4B-00C04F79EFBC}") = "Composite", "Composite\Composite.csproj", "{1091928E-FE0F-44A4-ADD4-A7642EE08B6A}"
EndProject
Project("{FAE04EC0-301F-11D3-BF4B-00C04F79EFBC}") = "CompositeExample", "CompositeExample\CompositeExample.csproj", "{F00B02C7-0BC6-43A9-A57A-960430A242E2}"
EndProject
Project("{FAE04EC0-301F-11D3-BF4B-00C04F79EFBC}") = "Decorator", "Decorator\Decorator.csproj", "{55B54FD1-C60D-4E1C-8919-7B59231377B5}"
EndProject
Global
	GlobalSection(SolutionConfigurationPlatforms) = preSolution
		Debug|Any CPU = Debug|Any CPU
		Release|Any CPU = Release|Any CPU
	EndGlobalSection
	GlobalSection(ProjectConfigurationPlatforms) = postSolution
		{12153481-9E13-482C-B285-D0EDED70FBFB}.Debug|Any CPU.ActiveCfg = Debug|Any CPU
		{12153481-9E13-482C-B285-D0EDED70FBFB}.Debug|Any CPU.Build.0 = Debug|Any CPU
		{12153481-9E13-482C-B285-D0EDED70FBFB}.Release|Any CPU.ActiveCfg = Release|Any CPU
		{12153481-9E13-482C-B285-D0EDED70FBFB}.Release|Any CPU.Build.0 = Release|Any CPU
		{BB348FB8-8E88-4CAC-87A0-DB8EBEDB65CF}.Debug|Any CPU.ActiveCfg = Debug|Any CPU
		{BB348FB8-8E88-4CAC-87A0-DB8EBEDB65CF}.Debug|Any CPU.Build.0 = Debug|Any CPU
		{BB348FB8-8E88-4CAC-87A0-DB8EBEDB65CF}.Release|Any CPU.ActiveCfg = Release|Any CPU
		{BB348FB8-8E88-4CAC-87A0-DB8EBEDB65CF}.Release|Any CPU.Build.0 = Release|Any CPU
		{8854C894-C4EE-422B-8DA4-5EB53651EE6D}.Debug|Any CPU.ActiveCfg = Debug|Any CPU
		{8854C894-C4EE-422B-8DA4-5EB53651EE6D}.Debug|Any CPU.Build.0 = Debug|Any CPU
		{8854C894-C4EE-422B-8DA4-5EB53651EE6D}.Release|Any CPU.ActiveCfg = Release|Any CPU
		{8854C894-C4EE-422B-8DA4-5EB53651EE6D}.Release|Any CPU.Build.0 = Release|Any CPU
		{83E73583-4F3F-4ECF-B51D-21077133213A}.Debug|Any CPU.ActiveCfg = Debug|Any CPU
		{83E73583-4F3F-4ECF-B51D-21077133213A}.Debug|Any CPU.Build.0 = Debug|Any CPU
		{83E73583-4F3F-4ECF-B51D-21077133213A}.Release|Any CPU.ActiveCfg = Release|Any CPU
		{83E73583-4F3F-4ECF-B51D-21077133213A}.Release|Any CPU.Build.0 = Release|Any CPU
		{1091928E-FE0F-44A4-ADD4-A7642EE08B6A}.Debug|Any CPU.ActiveCfg = Debug|Any CPU
		{1091928E-FE0F-44A4-ADD4-A7642EE08B6A}.Debug|Any CPU.Build.0 = Debug|Any CPU
		{1091928E-FE0F-44A4-ADD4-A7642EE08B6A}.Release|Any CPU.ActiveCfg = Release|Any CPU
		{1091928E-FE0F-44A4-ADD4-A7642EE08B6A}.Release|Any CPU.Build.0 = Release|Any CPU
		{F00B02C7-0BC6-43A9-A57A-960430A242E2}.Debug|Any CPU.ActiveCfg = Debug|Any CPU
		{F00B02C7-0BC6-43A9-A57A-960430A242E2}.Debug|Any CPU.Build.0 = Debug|Any CPU
		{F00B02C7-0BC6-43A9-A57A-960430A242E2}.Release|Any CPU.ActiveCfg = Release|Any CPU
		{F00B02C7-0BC6-43A9-A57A-960430A242E2}.Release|Any CPU.Build.0 = Release|Any CPU
		{55B54FD1-C60D-4E1C-8919-7B59231377B5}.Debug|Any CPU.ActiveCfg = Debug|Any CPU
		{55B54FD1-C60D-4E1C-8919-7B59231377B5}.Debug|Any CPU.Build.0 = Debug|Any CPU
		{55B54FD1-C60D-4E1C-8919-7B59231377B5}.Release|Any CPU.ActiveCfg = Release|Any CPU
		{55B54FD1-C60D-4E1C-8919-7B59231377B5}.Release|Any CPU.Build.0 = Release|Any CPU
	EndGlobalSection
	GlobalSection(SolutionProperties) = preSolution
		HideSolutionNode = FALSE
	EndGlobalSection
	GlobalSection(ExtensibilityGlobals) = postSolution
		SolutionGuid = {A9BE803E-767F-4F6F-B316-DBDE04FAF337}
	EndGlobalSection
EndGlobal
